// !$*UTF8*$!
{
	archiveVersion = 1;
	classes = {
	};
	objectVersion = 48;
	objects = {

/* Begin PBXBuildFile section */
		1133AD0E20C06F950009FFB2 /* PostThumbImageCell.swift in Sources */ = {isa = PBXBuildFile; fileRef = 1133AD0D20C06F950009FFB2 /* PostThumbImageCell.swift */; };
		116E808920BEDCC800F56358 /* EditPostViewController.swift in Sources */ = {isa = PBXBuildFile; fileRef = 116E808820BEDCC800F56358 /* EditPostViewController.swift */; };
		11F08AA620B86269001F2270 /* HomeViewController.swift in Sources */ = {isa = PBXBuildFile; fileRef = 11F08AA520B86269001F2270 /* HomeViewController.swift */; };
		348FD1E24EA87E003B6B96B0 /* Pods_ProjectTests.framework in Frameworks */ = {isa = PBXBuildFile; fileRef = 2037064584139205183ADA89 /* Pods_ProjectTests.framework */; };
		4E74A5D0152A5545B514299B /* Pods_Project.framework in Frameworks */ = {isa = PBXBuildFile; fileRef = C22517C86EBC0BE60C7CEACA /* Pods_Project.framework */; };
		51053EF520BC85C7002AC526 /* CameraController.swift in Sources */ = {isa = PBXBuildFile; fileRef = 51053EF420BC85C7002AC526 /* CameraController.swift */; };
		AE03DC5A20C2996200169C2B /* FollowProfileViewController.swift in Sources */ = {isa = PBXBuildFile; fileRef = AE03DC5920C2996200169C2B /* FollowProfileViewController.swift */; };
		AE10809D20B8D4A200EED163 /* AddPostViewController.swift in Sources */ = {isa = PBXBuildFile; fileRef = AE10809C20B8D4A200EED163 /* AddPostViewController.swift */; };
		AE2F653B2029F1E5007D267E /* AppDelegate.swift in Sources */ = {isa = PBXBuildFile; fileRef = AE2F653A2029F1E5007D267E /* AppDelegate.swift */; };
		AE2F653D2029F1E5007D267E /* ViewController.swift in Sources */ = {isa = PBXBuildFile; fileRef = AE2F653C2029F1E5007D267E /* ViewController.swift */; };
		AE2F65402029F1E5007D267E /* Main.storyboard in Resources */ = {isa = PBXBuildFile; fileRef = AE2F653E2029F1E5007D267E /* Main.storyboard */; };
		AE2F65422029F1E5007D267E /* Assets.xcassets in Resources */ = {isa = PBXBuildFile; fileRef = AE2F65412029F1E5007D267E /* Assets.xcassets */; };
		AE2F65452029F1E5007D267E /* LaunchScreen.storyboard in Resources */ = {isa = PBXBuildFile; fileRef = AE2F65432029F1E5007D267E /* LaunchScreen.storyboard */; };
		AE2F65502029F1E6007D267E /* ProjectTests.swift in Sources */ = {isa = PBXBuildFile; fileRef = AE2F654F2029F1E6007D267E /* ProjectTests.swift */; };
		AE2F655B2029F1E6007D267E /* ProjectUITests.swift in Sources */ = {isa = PBXBuildFile; fileRef = AE2F655A2029F1E6007D267E /* ProjectUITests.swift */; };
		AE64D97620B880D700D68C4E /* HomeTableViewCell.swift in Sources */ = {isa = PBXBuildFile; fileRef = AE64D97520B880D700D68C4E /* HomeTableViewCell.swift */; };
		AE68F52F20C840A0008B66C7 /* SearchViewController.swift in Sources */ = {isa = PBXBuildFile; fileRef = AE68F52E20C840A0008B66C7 /* SearchViewController.swift */; };
		AE68F53120C8414D008B66C7 /* SearchViewCell.swift in Sources */ = {isa = PBXBuildFile; fileRef = AE68F53020C8414D008B66C7 /* SearchViewCell.swift */; };
		AE7B88B820B72C050083F6E6 /* Post.swift in Sources */ = {isa = PBXBuildFile; fileRef = AE7B88B720B72C050083F6E6 /* Post.swift */; };
		AE7B88BA20B72D170083F6E6 /* User.swift in Sources */ = {isa = PBXBuildFile; fileRef = AE7B88B920B72D170083F6E6 /* User.swift */; };
		AEDA04BE202E0CD5005A61DC /* ProfileViewController.swift in Sources */ = {isa = PBXBuildFile; fileRef = AEDA04BD202E0CD5005A61DC /* ProfileViewController.swift */; };
		AEEA0A7A20C45FFC004C2503 /* FollowTableViewCell.swift in Sources */ = {isa = PBXBuildFile; fileRef = AEEA0A7920C45FFC004C2503 /* FollowTableViewCell.swift */; };
		AEEA0A8020C7347A004C2503 /* GoogleService-Info.plist in Resources */ = {isa = PBXBuildFile; fileRef = AEEA0A7F20C7347A004C2503 /* GoogleService-Info.plist */; };
		C20D58CBB51514491F81D6A0 /* Pods_ProjectUITests.framework in Frameworks */ = {isa = PBXBuildFile; fileRef = 886E08423105828BF007D406 /* Pods_ProjectUITests.framework */; };
		C4E76A7820C1B0C600F202EA /* EditProfileVC.swift in Sources */ = {isa = PBXBuildFile; fileRef = C4E76A7720C1B0C600F202EA /* EditProfileVC.swift */; };
/* End PBXBuildFile section */

/* Begin PBXContainerItemProxy section */
		AE2F654C2029F1E6007D267E /* PBXContainerItemProxy */ = {
			isa = PBXContainerItemProxy;
			containerPortal = AE2F652F2029F1E5007D267E /* Project object */;
			proxyType = 1;
			remoteGlobalIDString = AE2F65362029F1E5007D267E;
			remoteInfo = Project;
		};
		AE2F65572029F1E6007D267E /* PBXContainerItemProxy */ = {
			isa = PBXContainerItemProxy;
			containerPortal = AE2F652F2029F1E5007D267E /* Project object */;
			proxyType = 1;
			remoteGlobalIDString = AE2F65362029F1E5007D267E;
			remoteInfo = Project;
		};
/* End PBXContainerItemProxy section */

/* Begin PBXFileReference section */
		1133AD0D20C06F950009FFB2 /* PostThumbImageCell.swift */ = {isa = PBXFileReference; fileEncoding = 4; lastKnownFileType = sourcecode.swift; path = PostThumbImageCell.swift; sourceTree = "<group>"; };
		116E808820BEDCC800F56358 /* EditPostViewController.swift */ = {isa = PBXFileReference; lastKnownFileType = sourcecode.swift; path = EditPostViewController.swift; sourceTree = "<group>"; };
		11F08AA520B86269001F2270 /* HomeViewController.swift */ = {isa = PBXFileReference; lastKnownFileType = sourcecode.swift; path = HomeViewController.swift; sourceTree = "<group>"; };
		2037064584139205183ADA89 /* Pods_ProjectTests.framework */ = {isa = PBXFileReference; explicitFileType = wrapper.framework; includeInIndex = 0; path = Pods_ProjectTests.framework; sourceTree = BUILT_PRODUCTS_DIR; };
		330FB6FBF2F4E5387EFC3C95 /* Pods-ProjectUITests.release.xcconfig */ = {isa = PBXFileReference; includeInIndex = 1; lastKnownFileType = text.xcconfig; name = "Pods-ProjectUITests.release.xcconfig"; path = "Pods/Target Support Files/Pods-ProjectUITests/Pods-ProjectUITests.release.xcconfig"; sourceTree = "<group>"; };
		51053EF420BC85C7002AC526 /* CameraController.swift */ = {isa = PBXFileReference; fileEncoding = 4; lastKnownFileType = sourcecode.swift; path = CameraController.swift; sourceTree = "<group>"; };
		8541B32FDE186622F54D488F /* Pods-Project.release.xcconfig */ = {isa = PBXFileReference; includeInIndex = 1; lastKnownFileType = text.xcconfig; name = "Pods-Project.release.xcconfig"; path = "Pods/Target Support Files/Pods-Project/Pods-Project.release.xcconfig"; sourceTree = "<group>"; };
		886E08423105828BF007D406 /* Pods_ProjectUITests.framework */ = {isa = PBXFileReference; explicitFileType = wrapper.framework; includeInIndex = 0; path = Pods_ProjectUITests.framework; sourceTree = BUILT_PRODUCTS_DIR; };
		8CD1A19789274856DF29FD8F /* Pods-ProjectTests.debug.xcconfig */ = {isa = PBXFileReference; includeInIndex = 1; lastKnownFileType = text.xcconfig; name = "Pods-ProjectTests.debug.xcconfig"; path = "Pods/Target Support Files/Pods-ProjectTests/Pods-ProjectTests.debug.xcconfig"; sourceTree = "<group>"; };
		A407B3556CB3484C6A7628A9 /* Pods-ProjectTests.release.xcconfig */ = {isa = PBXFileReference; includeInIndex = 1; lastKnownFileType = text.xcconfig; name = "Pods-ProjectTests.release.xcconfig"; path = "Pods/Target Support Files/Pods-ProjectTests/Pods-ProjectTests.release.xcconfig"; sourceTree = "<group>"; };
		AE03DC5920C2996200169C2B /* FollowProfileViewController.swift */ = {isa = PBXFileReference; lastKnownFileType = sourcecode.swift; path = FollowProfileViewController.swift; sourceTree = "<group>"; };
		AE10809C20B8D4A200EED163 /* AddPostViewController.swift */ = {isa = PBXFileReference; lastKnownFileType = sourcecode.swift; path = AddPostViewController.swift; sourceTree = "<group>"; };
		AE2F65372029F1E5007D267E /* Project.app */ = {isa = PBXFileReference; explicitFileType = wrapper.application; includeInIndex = 0; path = Project.app; sourceTree = BUILT_PRODUCTS_DIR; };
		AE2F653A2029F1E5007D267E /* AppDelegate.swift */ = {isa = PBXFileReference; lastKnownFileType = sourcecode.swift; path = AppDelegate.swift; sourceTree = "<group>"; };
		AE2F653C2029F1E5007D267E /* ViewController.swift */ = {isa = PBXFileReference; lastKnownFileType = sourcecode.swift; path = ViewController.swift; sourceTree = "<group>"; };
		AE2F653F2029F1E5007D267E /* Base */ = {isa = PBXFileReference; lastKnownFileType = file.storyboard; name = Base; path = Base.lproj/Main.storyboard; sourceTree = "<group>"; };
		AE2F65412029F1E5007D267E /* Assets.xcassets */ = {isa = PBXFileReference; lastKnownFileType = folder.assetcatalog; path = Assets.xcassets; sourceTree = "<group>"; };
		AE2F65442029F1E5007D267E /* Base */ = {isa = PBXFileReference; lastKnownFileType = file.storyboard; name = Base; path = Base.lproj/LaunchScreen.storyboard; sourceTree = "<group>"; };
		AE2F65462029F1E5007D267E /* Info.plist */ = {isa = PBXFileReference; lastKnownFileType = text.plist.xml; path = Info.plist; sourceTree = "<group>"; };
		AE2F654B2029F1E6007D267E /* ProjectTests.xctest */ = {isa = PBXFileReference; explicitFileType = wrapper.cfbundle; includeInIndex = 0; path = ProjectTests.xctest; sourceTree = BUILT_PRODUCTS_DIR; };
		AE2F654F2029F1E6007D267E /* ProjectTests.swift */ = {isa = PBXFileReference; lastKnownFileType = sourcecode.swift; path = ProjectTests.swift; sourceTree = "<group>"; };
		AE2F65512029F1E6007D267E /* Info.plist */ = {isa = PBXFileReference; lastKnownFileType = text.plist.xml; path = Info.plist; sourceTree = "<group>"; };
		AE2F65562029F1E6007D267E /* ProjectUITests.xctest */ = {isa = PBXFileReference; explicitFileType = wrapper.cfbundle; includeInIndex = 0; path = ProjectUITests.xctest; sourceTree = BUILT_PRODUCTS_DIR; };
		AE2F655A2029F1E6007D267E /* ProjectUITests.swift */ = {isa = PBXFileReference; lastKnownFileType = sourcecode.swift; path = ProjectUITests.swift; sourceTree = "<group>"; };
		AE2F655C2029F1E6007D267E /* Info.plist */ = {isa = PBXFileReference; lastKnownFileType = text.plist.xml; path = Info.plist; sourceTree = "<group>"; };
		AE64D97520B880D700D68C4E /* HomeTableViewCell.swift */ = {isa = PBXFileReference; lastKnownFileType = sourcecode.swift; path = HomeTableViewCell.swift; sourceTree = "<group>"; };
		AE68F52E20C840A0008B66C7 /* SearchViewController.swift */ = {isa = PBXFileReference; lastKnownFileType = sourcecode.swift; path = SearchViewController.swift; sourceTree = "<group>"; };
		AE68F53020C8414D008B66C7 /* SearchViewCell.swift */ = {isa = PBXFileReference; lastKnownFileType = sourcecode.swift; path = SearchViewCell.swift; sourceTree = "<group>"; };
		AE7B88B720B72C050083F6E6 /* Post.swift */ = {isa = PBXFileReference; lastKnownFileType = sourcecode.swift; path = Post.swift; sourceTree = "<group>"; };
		AE7B88B920B72D170083F6E6 /* User.swift */ = {isa = PBXFileReference; lastKnownFileType = sourcecode.swift; path = User.swift; sourceTree = "<group>"; };
		AEDA04BD202E0CD5005A61DC /* ProfileViewController.swift */ = {isa = PBXFileReference; lastKnownFileType = sourcecode.swift; path = ProfileViewController.swift; sourceTree = "<group>"; };
		AEEA0A7920C45FFC004C2503 /* FollowTableViewCell.swift */ = {isa = PBXFileReference; lastKnownFileType = sourcecode.swift; path = FollowTableViewCell.swift; sourceTree = "<group>"; };
		AEEA0A7F20C7347A004C2503 /* GoogleService-Info.plist */ = {isa = PBXFileReference; fileEncoding = 4; lastKnownFileType = text.plist.xml; name = "GoogleService-Info.plist"; path = "../../../.Trash/GoogleService-Info.plist"; sourceTree = "<group>"; };
		C22517C86EBC0BE60C7CEACA /* Pods_Project.framework */ = {isa = PBXFileReference; explicitFileType = wrapper.framework; includeInIndex = 0; path = Pods_Project.framework; sourceTree = BUILT_PRODUCTS_DIR; };
		C4E76A7720C1B0C600F202EA /* EditProfileVC.swift */ = {isa = PBXFileReference; lastKnownFileType = sourcecode.swift; path = EditProfileVC.swift; sourceTree = "<group>"; };
		F4B018065D95397C1E64D67F /* Pods-ProjectUITests.debug.xcconfig */ = {isa = PBXFileReference; includeInIndex = 1; lastKnownFileType = text.xcconfig; name = "Pods-ProjectUITests.debug.xcconfig"; path = "Pods/Target Support Files/Pods-ProjectUITests/Pods-ProjectUITests.debug.xcconfig"; sourceTree = "<group>"; };
		F978EFE4C8BDBC1FF957EF8C /* Pods-Project.debug.xcconfig */ = {isa = PBXFileReference; includeInIndex = 1; lastKnownFileType = text.xcconfig; name = "Pods-Project.debug.xcconfig"; path = "Pods/Target Support Files/Pods-Project/Pods-Project.debug.xcconfig"; sourceTree = "<group>"; };
/* End PBXFileReference section */

/* Begin PBXFrameworksBuildPhase section */
		AE2F65342029F1E5007D267E /* Frameworks */ = {
			isa = PBXFrameworksBuildPhase;
			buildActionMask = 2147483647;
			files = (
				4E74A5D0152A5545B514299B /* Pods_Project.framework in Frameworks */,
			);
			runOnlyForDeploymentPostprocessing = 0;
		};
		AE2F65482029F1E6007D267E /* Frameworks */ = {
			isa = PBXFrameworksBuildPhase;
			buildActionMask = 2147483647;
			files = (
				348FD1E24EA87E003B6B96B0 /* Pods_ProjectTests.framework in Frameworks */,
			);
			runOnlyForDeploymentPostprocessing = 0;
		};
		AE2F65532029F1E6007D267E /* Frameworks */ = {
			isa = PBXFrameworksBuildPhase;
			buildActionMask = 2147483647;
			files = (
				C20D58CBB51514491F81D6A0 /* Pods_ProjectUITests.framework in Frameworks */,
			);
			runOnlyForDeploymentPostprocessing = 0;
		};
/* End PBXFrameworksBuildPhase section */

/* Begin PBXGroup section */
		1133AD0420C061BD0009FFB2 /* VCs */ = {
			isa = PBXGroup;
			children = (
				116E808820BEDCC800F56358 /* EditPostViewController.swift */,
				11F08AA520B86269001F2270 /* HomeViewController.swift */,
				AEDA04BD202E0CD5005A61DC /* ProfileViewController.swift */,
				AE10809C20B8D4A200EED163 /* AddPostViewController.swift */,
				AE2F653C2029F1E5007D267E /* ViewController.swift */,
				C4E76A7720C1B0C600F202EA /* EditProfileVC.swift */,
				AE03DC5920C2996200169C2B /* FollowProfileViewController.swift */,
				AE68F52E20C840A0008B66C7 /* SearchViewController.swift */,
			);
			path = VCs;
			sourceTree = "<group>";
		};
		490DBAE6E04ECE79A145C0F7 /* Pods */ = {
			isa = PBXGroup;
			children = (
				F978EFE4C8BDBC1FF957EF8C /* Pods-Project.debug.xcconfig */,
				8541B32FDE186622F54D488F /* Pods-Project.release.xcconfig */,
				8CD1A19789274856DF29FD8F /* Pods-ProjectTests.debug.xcconfig */,
				A407B3556CB3484C6A7628A9 /* Pods-ProjectTests.release.xcconfig */,
				F4B018065D95397C1E64D67F /* Pods-ProjectUITests.debug.xcconfig */,
				330FB6FBF2F4E5387EFC3C95 /* Pods-ProjectUITests.release.xcconfig */,
			);
			name = Pods;
			sourceTree = "<group>";
		};
		AE2F652E2029F1E5007D267E = {
			isa = PBXGroup;
			children = (
				AE2F65392029F1E5007D267E /* Project */,
				AE2F654E2029F1E6007D267E /* ProjectTests */,
				AE2F65592029F1E6007D267E /* ProjectUITests */,
				AE2F65382029F1E5007D267E /* Products */,
				490DBAE6E04ECE79A145C0F7 /* Pods */,
				B0EFDD7617CFA0FF6B9F86E2 /* Frameworks */,
			);
			sourceTree = "<group>";
		};
		AE2F65382029F1E5007D267E /* Products */ = {
			isa = PBXGroup;
			children = (
				AE2F65372029F1E5007D267E /* Project.app */,
				AE2F654B2029F1E6007D267E /* ProjectTests.xctest */,
				AE2F65562029F1E6007D267E /* ProjectUITests.xctest */,
			);
			name = Products;
			sourceTree = "<group>";
		};
		AE2F65392029F1E5007D267E /* Project */ = {
			isa = PBXGroup;
			children = (
				1133AD0420C061BD0009FFB2 /* VCs */,
				AE7B88B220B7284C0083F6E6 /* Classes */,
				AE2F653A2029F1E5007D267E /* AppDelegate.swift */,
				AE2F653E2029F1E5007D267E /* Main.storyboard */,
				AE2F65432029F1E5007D267E /* LaunchScreen.storyboard */,
				AE2F65412029F1E5007D267E /* Assets.xcassets */,
				AEEA0A7F20C7347A004C2503 /* GoogleService-Info.plist */,
				AE2F65462029F1E5007D267E /* Info.plist */,
			);
			path = Project;
			sourceTree = "<group>";
		};
		AE2F654E2029F1E6007D267E /* ProjectTests */ = {
			isa = PBXGroup;
			children = (
				AE2F654F2029F1E6007D267E /* ProjectTests.swift */,
				AE2F65512029F1E6007D267E /* Info.plist */,
			);
			path = ProjectTests;
			sourceTree = "<group>";
		};
		AE2F65592029F1E6007D267E /* ProjectUITests */ = {
			isa = PBXGroup;
			children = (
				AE2F655A2029F1E6007D267E /* ProjectUITests.swift */,
				AE2F655C2029F1E6007D267E /* Info.plist */,
			);
			path = ProjectUITests;
			sourceTree = "<group>";
		};
		AE7B88B220B7284C0083F6E6 /* Classes */ = {
			isa = PBXGroup;
			children = (
				51053EF420BC85C7002AC526 /* CameraController.swift */,
				AE7B88B720B72C050083F6E6 /* Post.swift */,
				AEEA0A7920C45FFC004C2503 /* FollowTableViewCell.swift */,
				AE64D97520B880D700D68C4E /* HomeTableViewCell.swift */,
				1133AD0D20C06F950009FFB2 /* PostThumbImageCell.swift */,
				AE7B88B920B72D170083F6E6 /* User.swift */,
				AE68F53020C8414D008B66C7 /* SearchViewCell.swift */,
			);
			path = Classes;
			sourceTree = "<group>";
		};
		B0EFDD7617CFA0FF6B9F86E2 /* Frameworks */ = {
			isa = PBXGroup;
			children = (
				C22517C86EBC0BE60C7CEACA /* Pods_Project.framework */,
				2037064584139205183ADA89 /* Pods_ProjectTests.framework */,
				886E08423105828BF007D406 /* Pods_ProjectUITests.framework */,
			);
			name = Frameworks;
			sourceTree = "<group>";
		};
/* End PBXGroup section */

/* Begin PBXNativeTarget section */
		AE2F65362029F1E5007D267E /* Project */ = {
			isa = PBXNativeTarget;
			buildConfigurationList = AE2F655F2029F1E6007D267E /* Build configuration list for PBXNativeTarget "Project" */;
			buildPhases = (
				C1CB196251CC6C448FE18A2A /* [CP] Check Pods Manifest.lock */,
				AE2F65332029F1E5007D267E /* Sources */,
				AE2F65342029F1E5007D267E /* Frameworks */,
				AE2F65352029F1E5007D267E /* Resources */,
				93749B98FDB58978EF61A5F4 /* [CP] Embed Pods Frameworks */,
				8EFAFB6CA5E3BC94562FF2D7 /* [CP] Copy Pods Resources */,
			);
			buildRules = (
			);
			dependencies = (
			);
			name = Project;
			productName = Project;
			productReference = AE2F65372029F1E5007D267E /* Project.app */;
			productType = "com.apple.product-type.application";
		};
		AE2F654A2029F1E6007D267E /* ProjectTests */ = {
			isa = PBXNativeTarget;
			buildConfigurationList = AE2F65622029F1E6007D267E /* Build configuration list for PBXNativeTarget "ProjectTests" */;
			buildPhases = (
				63211784ED3AE6687C0DE369 /* [CP] Check Pods Manifest.lock */,
				AE2F65472029F1E6007D267E /* Sources */,
				AE2F65482029F1E6007D267E /* Frameworks */,
				AE2F65492029F1E6007D267E /* Resources */,
				22BDFD1E427D28E5F89A4A7E /* [CP] Embed Pods Frameworks */,
				D12FCB73BAE3E38D99AAA93E /* [CP] Copy Pods Resources */,
			);
			buildRules = (
			);
			dependencies = (
				AE2F654D2029F1E6007D267E /* PBXTargetDependency */,
			);
			name = ProjectTests;
			productName = ProjectTests;
			productReference = AE2F654B2029F1E6007D267E /* ProjectTests.xctest */;
			productType = "com.apple.product-type.bundle.unit-test";
		};
		AE2F65552029F1E6007D267E /* ProjectUITests */ = {
			isa = PBXNativeTarget;
			buildConfigurationList = AE2F65652029F1E6007D267E /* Build configuration list for PBXNativeTarget "ProjectUITests" */;
			buildPhases = (
				49ABF263CC6C5C894A5F053F /* [CP] Check Pods Manifest.lock */,
				AE2F65522029F1E6007D267E /* Sources */,
				AE2F65532029F1E6007D267E /* Frameworks */,
				AE2F65542029F1E6007D267E /* Resources */,
				10BBFDC84F838B39DF8EBA5C /* [CP] Embed Pods Frameworks */,
				58ECE9D32C97AAAA5B627071 /* [CP] Copy Pods Resources */,
			);
			buildRules = (
			);
			dependencies = (
				AE2F65582029F1E6007D267E /* PBXTargetDependency */,
			);
			name = ProjectUITests;
			productName = ProjectUITests;
			productReference = AE2F65562029F1E6007D267E /* ProjectUITests.xctest */;
			productType = "com.apple.product-type.bundle.ui-testing";
		};
/* End PBXNativeTarget section */

/* Begin PBXProject section */
		AE2F652F2029F1E5007D267E /* Project object */ = {
			isa = PBXProject;
			attributes = {
				LastSwiftUpdateCheck = 0910;
				LastUpgradeCheck = 0910;
				ORGANIZATIONNAME = DAM;
				TargetAttributes = {
					AE2F65362029F1E5007D267E = {
						CreatedOnToolsVersion = 9.1;
						ProvisioningStyle = Automatic;
					};
					AE2F654A2029F1E6007D267E = {
						CreatedOnToolsVersion = 9.1;
						ProvisioningStyle = Automatic;
						TestTargetID = AE2F65362029F1E5007D267E;
					};
					AE2F65552029F1E6007D267E = {
						CreatedOnToolsVersion = 9.1;
						ProvisioningStyle = Automatic;
						TestTargetID = AE2F65362029F1E5007D267E;
					};
				};
			};
			buildConfigurationList = AE2F65322029F1E5007D267E /* Build configuration list for PBXProject "Project" */;
			compatibilityVersion = "Xcode 8.0";
			developmentRegion = en;
			hasScannedForEncodings = 0;
			knownRegions = (
				en,
				Base,
			);
			mainGroup = AE2F652E2029F1E5007D267E;
			productRefGroup = AE2F65382029F1E5007D267E /* Products */;
			projectDirPath = "";
			projectRoot = "";
			targets = (
				AE2F65362029F1E5007D267E /* Project */,
				AE2F654A2029F1E6007D267E /* ProjectTests */,
				AE2F65552029F1E6007D267E /* ProjectUITests */,
			);
		};
/* End PBXProject section */

/* Begin PBXResourcesBuildPhase section */
		AE2F65352029F1E5007D267E /* Resources */ = {
			isa = PBXResourcesBuildPhase;
			buildActionMask = 2147483647;
			files = (
				AE2F65452029F1E5007D267E /* LaunchScreen.storyboard in Resources */,
				AEEA0A8020C7347A004C2503 /* GoogleService-Info.plist in Resources */,
				AE2F65422029F1E5007D267E /* Assets.xcassets in Resources */,
				AE2F65402029F1E5007D267E /* Main.storyboard in Resources */,
			);
			runOnlyForDeploymentPostprocessing = 0;
		};
		AE2F65492029F1E6007D267E /* Resources */ = {
			isa = PBXResourcesBuildPhase;
			buildActionMask = 2147483647;
			files = (
			);
			runOnlyForDeploymentPostprocessing = 0;
		};
		AE2F65542029F1E6007D267E /* Resources */ = {
			isa = PBXResourcesBuildPhase;
			buildActionMask = 2147483647;
			files = (
			);
			runOnlyForDeploymentPostprocessing = 0;
		};
/* End PBXResourcesBuildPhase section */

/* Begin PBXShellScriptBuildPhase section */
		10BBFDC84F838B39DF8EBA5C /* [CP] Embed Pods Frameworks */ = {
			isa = PBXShellScriptBuildPhase;
			buildActionMask = 2147483647;
			files = (
			);
			inputPaths = (
			);
			name = "[CP] Embed Pods Frameworks";
			outputPaths = (
			);
			runOnlyForDeploymentPostprocessing = 0;
			shellPath = /bin/sh;
			shellScript = "\"${SRCROOT}/Pods/Target Support Files/Pods-ProjectUITests/Pods-ProjectUITests-frameworks.sh\"\n";
			showEnvVarsInLog = 0;
		};
		22BDFD1E427D28E5F89A4A7E /* [CP] Embed Pods Frameworks */ = {
			isa = PBXShellScriptBuildPhase;
			buildActionMask = 2147483647;
			files = (
			);
			inputPaths = (
			);
			name = "[CP] Embed Pods Frameworks";
			outputPaths = (
			);
			runOnlyForDeploymentPostprocessing = 0;
			shellPath = /bin/sh;
			shellScript = "\"${SRCROOT}/Pods/Target Support Files/Pods-ProjectTests/Pods-ProjectTests-frameworks.sh\"\n";
			showEnvVarsInLog = 0;
		};
		49ABF263CC6C5C894A5F053F /* [CP] Check Pods Manifest.lock */ = {
			isa = PBXShellScriptBuildPhase;
			buildActionMask = 2147483647;
			files = (
			);
			inputPaths = (
				"${PODS_PODFILE_DIR_PATH}/Podfile.lock",
				"${PODS_ROOT}/Manifest.lock",
			);
			name = "[CP] Check Pods Manifest.lock";
			outputPaths = (
				"$(DERIVED_FILE_DIR)/Pods-ProjectUITests-checkManifestLockResult.txt",
			);
			runOnlyForDeploymentPostprocessing = 0;
			shellPath = /bin/sh;
			shellScript = "diff \"${PODS_PODFILE_DIR_PATH}/Podfile.lock\" \"${PODS_ROOT}/Manifest.lock\" > /dev/null\nif [ $? != 0 ] ; then\n    # print error to STDERR\n    echo \"error: The sandbox is not in sync with the Podfile.lock. Run 'pod install' or update your CocoaPods installation.\" >&2\n    exit 1\nfi\n# This output is used by Xcode 'outputs' to avoid re-running this script phase.\necho \"SUCCESS\" > \"${SCRIPT_OUTPUT_FILE_0}\"\n";
			showEnvVarsInLog = 0;
		};
		58ECE9D32C97AAAA5B627071 /* [CP] Copy Pods Resources */ = {
			isa = PBXShellScriptBuildPhase;
			buildActionMask = 2147483647;
			files = (
			);
			inputPaths = (
			);
			name = "[CP] Copy Pods Resources";
			outputPaths = (
			);
			runOnlyForDeploymentPostprocessing = 0;
			shellPath = /bin/sh;
			shellScript = "\"${SRCROOT}/Pods/Target Support Files/Pods-ProjectUITests/Pods-ProjectUITests-resources.sh\"\n";
			showEnvVarsInLog = 0;
		};
		63211784ED3AE6687C0DE369 /* [CP] Check Pods Manifest.lock */ = {
			isa = PBXShellScriptBuildPhase;
			buildActionMask = 2147483647;
			files = (
			);
			inputPaths = (
				"${PODS_PODFILE_DIR_PATH}/Podfile.lock",
				"${PODS_ROOT}/Manifest.lock",
			);
			name = "[CP] Check Pods Manifest.lock";
			outputPaths = (
				"$(DERIVED_FILE_DIR)/Pods-ProjectTests-checkManifestLockResult.txt",
			);
			runOnlyForDeploymentPostprocessing = 0;
			shellPath = /bin/sh;
			shellScript = "diff \"${PODS_PODFILE_DIR_PATH}/Podfile.lock\" \"${PODS_ROOT}/Manifest.lock\" > /dev/null\nif [ $? != 0 ] ; then\n    # print error to STDERR\n    echo \"error: The sandbox is not in sync with the Podfile.lock. Run 'pod install' or update your CocoaPods installation.\" >&2\n    exit 1\nfi\n# This output is used by Xcode 'outputs' to avoid re-running this script phase.\necho \"SUCCESS\" > \"${SCRIPT_OUTPUT_FILE_0}\"\n";
			showEnvVarsInLog = 0;
		};
		8EFAFB6CA5E3BC94562FF2D7 /* [CP] Copy Pods Resources */ = {
			isa = PBXShellScriptBuildPhase;
			buildActionMask = 2147483647;
			files = (
			);
			inputPaths = (
			);
			name = "[CP] Copy Pods Resources";
			outputPaths = (
			);
			runOnlyForDeploymentPostprocessing = 0;
			shellPath = /bin/sh;
			shellScript = "\"${SRCROOT}/Pods/Target Support Files/Pods-Project/Pods-Project-resources.sh\"\n";
			showEnvVarsInLog = 0;
		};
		93749B98FDB58978EF61A5F4 /* [CP] Embed Pods Frameworks */ = {
			isa = PBXShellScriptBuildPhase;
			buildActionMask = 2147483647;
			files = (
			);
			inputPaths = (
				"${SRCROOT}/Pods/Target Support Files/Pods-Project/Pods-Project-frameworks.sh",
				"${BUILT_PRODUCTS_DIR}/GTMSessionFetcher/GTMSessionFetcher.framework",
				"${BUILT_PRODUCTS_DIR}/GoogleToolboxForMac/GoogleToolboxForMac.framework",
				"${BUILT_PRODUCTS_DIR}/SDWebImage/SDWebImage.framework",
				"${BUILT_PRODUCTS_DIR}/leveldb-library/leveldb.framework",
				"${BUILT_PRODUCTS_DIR}/nanopb/nanopb.framework",
			);
			name = "[CP] Embed Pods Frameworks";
			outputPaths = (
				"${TARGET_BUILD_DIR}/${FRAMEWORKS_FOLDER_PATH}/GTMSessionFetcher.framework",
				"${TARGET_BUILD_DIR}/${FRAMEWORKS_FOLDER_PATH}/GoogleToolboxForMac.framework",
				"${TARGET_BUILD_DIR}/${FRAMEWORKS_FOLDER_PATH}/SDWebImage.framework",
				"${TARGET_BUILD_DIR}/${FRAMEWORKS_FOLDER_PATH}/leveldb.framework",
				"${TARGET_BUILD_DIR}/${FRAMEWORKS_FOLDER_PATH}/nanopb.framework",
			);
			runOnlyForDeploymentPostprocessing = 0;
			shellPath = /bin/sh;
			shellScript = "\"${SRCROOT}/Pods/Target Support Files/Pods-Project/Pods-Project-frameworks.sh\"\n";
			showEnvVarsInLog = 0;
		};
		C1CB196251CC6C448FE18A2A /* [CP] Check Pods Manifest.lock */ = {
			isa = PBXShellScriptBuildPhase;
			buildActionMask = 2147483647;
			files = (
			);
			inputPaths = (
				"${PODS_PODFILE_DIR_PATH}/Podfile.lock",
				"${PODS_ROOT}/Manifest.lock",
			);
			name = "[CP] Check Pods Manifest.lock";
			outputPaths = (
				"$(DERIVED_FILE_DIR)/Pods-Project-checkManifestLockResult.txt",
			);
			runOnlyForDeploymentPostprocessing = 0;
			shellPath = /bin/sh;
			shellScript = "diff \"${PODS_PODFILE_DIR_PATH}/Podfile.lock\" \"${PODS_ROOT}/Manifest.lock\" > /dev/null\nif [ $? != 0 ] ; then\n    # print error to STDERR\n    echo \"error: The sandbox is not in sync with the Podfile.lock. Run 'pod install' or update your CocoaPods installation.\" >&2\n    exit 1\nfi\n# This output is used by Xcode 'outputs' to avoid re-running this script phase.\necho \"SUCCESS\" > \"${SCRIPT_OUTPUT_FILE_0}\"\n";
			showEnvVarsInLog = 0;
		};
		D12FCB73BAE3E38D99AAA93E /* [CP] Copy Pods Resources */ = {
			isa = PBXShellScriptBuildPhase;
			buildActionMask = 2147483647;
			files = (
			);
			inputPaths = (
			);
			name = "[CP] Copy Pods Resources";
			outputPaths = (
			);
			runOnlyForDeploymentPostprocessing = 0;
			shellPath = /bin/sh;
			shellScript = "\"${SRCROOT}/Pods/Target Support Files/Pods-ProjectTests/Pods-ProjectTests-resources.sh\"\n";
			showEnvVarsInLog = 0;
		};
/* End PBXShellScriptBuildPhase section */

/* Begin PBXSourcesBuildPhase section */
		AE2F65332029F1E5007D267E /* Sources */ = {
			isa = PBXSourcesBuildPhase;
			buildActionMask = 2147483647;
			files = (
				AE68F53120C8414D008B66C7 /* SearchViewCell.swift in Sources */,
				AE68F52F20C840A0008B66C7 /* SearchViewController.swift in Sources */,
				AE2F653D2029F1E5007D267E /* ViewController.swift in Sources */,
				AE10809D20B8D4A200EED163 /* AddPostViewController.swift in Sources */,
				AEEA0A7A20C45FFC004C2503 /* FollowTableViewCell.swift in Sources */,
				AEDA04BE202E0CD5005A61DC /* ProfileViewController.swift in Sources */,
				AE64D97620B880D700D68C4E /* HomeTableViewCell.swift in Sources */,
				AE03DC5A20C2996200169C2B /* FollowProfileViewController.swift in Sources */,
				AE7B88B820B72C050083F6E6 /* Post.swift in Sources */,
				116E808920BEDCC800F56358 /* EditPostViewController.swift in Sources */,
				AE7B88BA20B72D170083F6E6 /* User.swift in Sources */,
				1133AD0E20C06F950009FFB2 /* PostThumbImageCell.swift in Sources */,
				AE2F653B2029F1E5007D267E /* AppDelegate.swift in Sources */,
				51053EF520BC85C7002AC526 /* CameraController.swift in Sources */,
				11F08AA620B86269001F2270 /* HomeViewController.swift in Sources */,
				C4E76A7820C1B0C600F202EA /* EditProfileVC.swift in Sources */,
			);
			runOnlyForDeploymentPostprocessing = 0;
		};
		AE2F65472029F1E6007D267E /* Sources */ = {
			isa = PBXSourcesBuildPhase;
			buildActionMask = 2147483647;
			files = (
				AE2F65502029F1E6007D267E /* ProjectTests.swift in Sources */,
			);
			runOnlyForDeploymentPostprocessing = 0;
		};
		AE2F65522029F1E6007D267E /* Sources */ = {
			isa = PBXSourcesBuildPhase;
			buildActionMask = 2147483647;
			files = (
				AE2F655B2029F1E6007D267E /* ProjectUITests.swift in Sources */,
			);
			runOnlyForDeploymentPostprocessing = 0;
		};
/* End PBXSourcesBuildPhase section */

/* Begin PBXTargetDependency section */
		AE2F654D2029F1E6007D267E /* PBXTargetDependency */ = {
			isa = PBXTargetDependency;
			target = AE2F65362029F1E5007D267E /* Project */;
			targetProxy = AE2F654C2029F1E6007D267E /* PBXContainerItemProxy */;
		};
		AE2F65582029F1E6007D267E /* PBXTargetDependency */ = {
			isa = PBXTargetDependency;
			target = AE2F65362029F1E5007D267E /* Project */;
			targetProxy = AE2F65572029F1E6007D267E /* PBXContainerItemProxy */;
		};
/* End PBXTargetDependency section */

/* Begin PBXVariantGroup section */
		AE2F653E2029F1E5007D267E /* Main.storyboard */ = {
			isa = PBXVariantGroup;
			children = (
				AE2F653F2029F1E5007D267E /* Base */,
			);
			name = Main.storyboard;
			sourceTree = "<group>";
		};
		AE2F65432029F1E5007D267E /* LaunchScreen.storyboard */ = {
			isa = PBXVariantGroup;
			children = (
				AE2F65442029F1E5007D267E /* Base */,
			);
			name = LaunchScreen.storyboard;
			sourceTree = "<group>";
		};
/* End PBXVariantGroup section */

/* Begin XCBuildConfiguration section */
		AE2F655D2029F1E6007D267E /* Debug */ = {
			isa = XCBuildConfiguration;
			buildSettings = {
				ALWAYS_SEARCH_USER_PATHS = NO;
				CLANG_ANALYZER_NONNULL = YES;
				CLANG_ANALYZER_NUMBER_OBJECT_CONVERSION = YES_AGGRESSIVE;
				CLANG_CXX_LANGUAGE_STANDARD = "gnu++14";
				CLANG_CXX_LIBRARY = "libc++";
				CLANG_ENABLE_MODULES = YES;
				CLANG_ENABLE_OBJC_ARC = YES;
				CLANG_WARN_BLOCK_CAPTURE_AUTORELEASING = YES;
				CLANG_WARN_BOOL_CONVERSION = YES;
				CLANG_WARN_COMMA = YES;
				CLANG_WARN_CONSTANT_CONVERSION = YES;
				CLANG_WARN_DIRECT_OBJC_ISA_USAGE = YES_ERROR;
				CLANG_WARN_DOCUMENTATION_COMMENTS = YES;
				CLANG_WARN_EMPTY_BODY = YES;
				CLANG_WARN_ENUM_CONVERSION = YES;
				CLANG_WARN_INFINITE_RECURSION = YES;
				CLANG_WARN_INT_CONVERSION = YES;
				CLANG_WARN_NON_LITERAL_NULL_CONVERSION = YES;
				CLANG_WARN_OBJC_LITERAL_CONVERSION = YES;
				CLANG_WARN_OBJC_ROOT_CLASS = YES_ERROR;
				CLANG_WARN_RANGE_LOOP_ANALYSIS = YES;
				CLANG_WARN_STRICT_PROTOTYPES = YES;
				CLANG_WARN_SUSPICIOUS_MOVE = YES;
				CLANG_WARN_UNGUARDED_AVAILABILITY = YES_AGGRESSIVE;
				CLANG_WARN_UNREACHABLE_CODE = YES;
				CLANG_WARN__DUPLICATE_METHOD_MATCH = YES;
				CODE_SIGN_IDENTITY = "iPhone Developer";
				COPY_PHASE_STRIP = NO;
				DEBUG_INFORMATION_FORMAT = dwarf;
				ENABLE_STRICT_OBJC_MSGSEND = YES;
				ENABLE_TESTABILITY = YES;
				GCC_C_LANGUAGE_STANDARD = gnu11;
				GCC_DYNAMIC_NO_PIC = NO;
				GCC_NO_COMMON_BLOCKS = YES;
				GCC_OPTIMIZATION_LEVEL = 0;
				GCC_PREPROCESSOR_DEFINITIONS = (
					"DEBUG=1",
					"$(inherited)",
				);
				GCC_WARN_64_TO_32_BIT_CONVERSION = YES;
				GCC_WARN_ABOUT_RETURN_TYPE = YES_ERROR;
				GCC_WARN_UNDECLARED_SELECTOR = YES;
				GCC_WARN_UNINITIALIZED_AUTOS = YES_AGGRESSIVE;
				GCC_WARN_UNUSED_FUNCTION = YES;
				GCC_WARN_UNUSED_VARIABLE = YES;
				IPHONEOS_DEPLOYMENT_TARGET = 11.1;
				MTL_ENABLE_DEBUG_INFO = YES;
				ONLY_ACTIVE_ARCH = YES;
				SDKROOT = iphoneos;
				SWIFT_ACTIVE_COMPILATION_CONDITIONS = DEBUG;
				SWIFT_OPTIMIZATION_LEVEL = "-Onone";
			};
			name = Debug;
		};
		AE2F655E2029F1E6007D267E /* Release */ = {
			isa = XCBuildConfiguration;
			buildSettings = {
				ALWAYS_SEARCH_USER_PATHS = NO;
				CLANG_ANALYZER_NONNULL = YES;
				CLANG_ANALYZER_NUMBER_OBJECT_CONVERSION = YES_AGGRESSIVE;
				CLANG_CXX_LANGUAGE_STANDARD = "gnu++14";
				CLANG_CXX_LIBRARY = "libc++";
				CLANG_ENABLE_MODULES = YES;
				CLANG_ENABLE_OBJC_ARC = YES;
				CLANG_WARN_BLOCK_CAPTURE_AUTORELEASING = YES;
				CLANG_WARN_BOOL_CONVERSION = YES;
				CLANG_WARN_COMMA = YES;
				CLANG_WARN_CONSTANT_CONVERSION = YES;
				CLANG_WARN_DIRECT_OBJC_ISA_USAGE = YES_ERROR;
				CLANG_WARN_DOCUMENTATION_COMMENTS = YES;
				CLANG_WARN_EMPTY_BODY = YES;
				CLANG_WARN_ENUM_CONVERSION = YES;
				CLANG_WARN_INFINITE_RECURSION = YES;
				CLANG_WARN_INT_CONVERSION = YES;
				CLANG_WARN_NON_LITERAL_NULL_CONVERSION = YES;
				CLANG_WARN_OBJC_LITERAL_CONVERSION = YES;
				CLANG_WARN_OBJC_ROOT_CLASS = YES_ERROR;
				CLANG_WARN_RANGE_LOOP_ANALYSIS = YES;
				CLANG_WARN_STRICT_PROTOTYPES = YES;
				CLANG_WARN_SUSPICIOUS_MOVE = YES;
				CLANG_WARN_UNGUARDED_AVAILABILITY = YES_AGGRESSIVE;
				CLANG_WARN_UNREACHABLE_CODE = YES;
				CLANG_WARN__DUPLICATE_METHOD_MATCH = YES;
				CODE_SIGN_IDENTITY = "iPhone Developer";
				COPY_PHASE_STRIP = NO;
				DEBUG_INFORMATION_FORMAT = "dwarf-with-dsym";
				ENABLE_NS_ASSERTIONS = NO;
				ENABLE_STRICT_OBJC_MSGSEND = YES;
				GCC_C_LANGUAGE_STANDARD = gnu11;
				GCC_NO_COMMON_BLOCKS = YES;
				GCC_WARN_64_TO_32_BIT_CONVERSION = YES;
				GCC_WARN_ABOUT_RETURN_TYPE = YES_ERROR;
				GCC_WARN_UNDECLARED_SELECTOR = YES;
				GCC_WARN_UNINITIALIZED_AUTOS = YES_AGGRESSIVE;
				GCC_WARN_UNUSED_FUNCTION = YES;
				GCC_WARN_UNUSED_VARIABLE = YES;
				IPHONEOS_DEPLOYMENT_TARGET = 11.1;
				MTL_ENABLE_DEBUG_INFO = NO;
				SDKROOT = iphoneos;
				SWIFT_OPTIMIZATION_LEVEL = "-Owholemodule";
				VALIDATE_PRODUCT = YES;
			};
			name = Release;
		};
		AE2F65602029F1E6007D267E /* Debug */ = {
			isa = XCBuildConfiguration;
			baseConfigurationReference = F978EFE4C8BDBC1FF957EF8C /* Pods-Project.debug.xcconfig */;
			buildSettings = {
				ASSETCATALOG_COMPILER_APPICON_NAME = AppIcon;
				"CODE_SIGN_IDENTITY[sdk=iphoneos*]" = "iPhone Developer";
				CODE_SIGN_STYLE = Automatic;
				DEVELOPMENT_TEAM = 2FCW8FU4XH;
				INFOPLIST_FILE = Project/Info.plist;
				IPHONEOS_DEPLOYMENT_TARGET = 11.2;
				PRODUCT_BUNDLE_IDENTIFIER = GLV;
				PRODUCT_NAME = "$(TARGET_NAME)";
				PROVISIONING_PROFILE_SPECIFIER = "";
				SWIFT_VERSION = 4.0;
				TARGETED_DEVICE_FAMILY = 1;
			};
			name = Debug;
		};
		AE2F65612029F1E6007D267E /* Release */ = {
			isa = XCBuildConfiguration;
			baseConfigurationReference = 8541B32FDE186622F54D488F /* Pods-Project.release.xcconfig */;
			buildSettings = {
				ASSETCATALOG_COMPILER_APPICON_NAME = AppIcon;
				"CODE_SIGN_IDENTITY[sdk=iphoneos*]" = "iPhone Developer";
				CODE_SIGN_STYLE = Automatic;
				DEVELOPMENT_TEAM = 2FCW8FU4XH;
				INFOPLIST_FILE = Project/Info.plist;
				IPHONEOS_DEPLOYMENT_TARGET = 11.2;
				PRODUCT_BUNDLE_IDENTIFIER = GLV;
				PRODUCT_NAME = "$(TARGET_NAME)";
				PROVISIONING_PROFILE_SPECIFIER = "";
				SWIFT_VERSION = 4.0;
				TARGETED_DEVICE_FAMILY = 1;
			};
			name = Release;
		};
		AE2F65632029F1E6007D267E /* Debug */ = {
			isa = XCBuildConfiguration;
			baseConfigurationReference = 8CD1A19789274856DF29FD8F /* Pods-ProjectTests.debug.xcconfig */;
			buildSettings = {
				ALWAYS_EMBED_SWIFT_STANDARD_LIBRARIES = YES;
				BUNDLE_LOADER = "$(TEST_HOST)";
				CODE_SIGN_STYLE = Automatic;
				INFOPLIST_FILE = ProjectTests/Info.plist;
				LD_RUNPATH_SEARCH_PATHS = "$(inherited) @executable_path/Frameworks @loader_path/Frameworks";
				PRODUCT_BUNDLE_IDENTIFIER = DAM.ProjectTests;
				PRODUCT_NAME = "$(TARGET_NAME)";
				SWIFT_VERSION = 4.0;
				TARGETED_DEVICE_FAMILY = "1,2";
				TEST_HOST = "$(BUILT_PRODUCTS_DIR)/Project.app/Project";
			};
			name = Debug;
		};
		AE2F65642029F1E6007D267E /* Release */ = {
			isa = XCBuildConfiguration;
			baseConfigurationReference = A407B3556CB3484C6A7628A9 /* Pods-ProjectTests.release.xcconfig */;
			buildSettings = {
				ALWAYS_EMBED_SWIFT_STANDARD_LIBRARIES = YES;
				BUNDLE_LOADER = "$(TEST_HOST)";
				CODE_SIGN_STYLE = Automatic;
				INFOPLIST_FILE = ProjectTests/Info.plist;
				LD_RUNPATH_SEARCH_PATHS = "$(inherited) @executable_path/Frameworks @loader_path/Frameworks";
				PRODUCT_BUNDLE_IDENTIFIER = DAM.ProjectTests;
				PRODUCT_NAME = "$(TARGET_NAME)";
				SWIFT_VERSION = 4.0;
				TARGETED_DEVICE_FAMILY = "1,2";
				TEST_HOST = "$(BUILT_PRODUCTS_DIR)/Project.app/Project";
			};
			name = Release;
		};
		AE2F65662029F1E6007D267E /* Debug */ = {
			isa = XCBuildConfiguration;
			baseConfigurationReference = F4B018065D95397C1E64D67F /* Pods-ProjectUITests.debug.xcconfig */;
			buildSettings = {
				ALWAYS_EMBED_SWIFT_STANDARD_LIBRARIES = YES;
				CODE_SIGN_STYLE = Automatic;
				INFOPLIST_FILE = ProjectUITests/Info.plist;
				LD_RUNPATH_SEARCH_PATHS = "$(inherited) @executable_path/Frameworks @loader_path/Frameworks";
				PRODUCT_BUNDLE_IDENTIFIER = DAM.ProjectUITests;
				PRODUCT_NAME = "$(TARGET_NAME)";
				SWIFT_VERSION = 4.0;
				TARGETED_DEVICE_FAMILY = "1,2";
				TEST_TARGET_NAME = Project;
			};
			name = Debug;
		};
		AE2F65672029F1E6007D267E /* Release */ = {
			isa = XCBuildConfiguration;
			baseConfigurationReference = 330FB6FBF2F4E5387EFC3C95 /* Pods-ProjectUITests.release.xcconfig */;
			buildSettings = {
				ALWAYS_EMBED_SWIFT_STANDARD_LIBRARIES = YES;
				CODE_SIGN_STYLE = Automatic;
				INFOPLIST_FILE = ProjectUITests/Info.plist;
				LD_RUNPATH_SEARCH_PATHS = "$(inherited) @executable_path/Frameworks @loader_path/Frameworks";
				PRODUCT_BUNDLE_IDENTIFIER = DAM.ProjectUITests;
				PRODUCT_NAME = "$(TARGET_NAME)";
				SWIFT_VERSION = 4.0;
				TARGETED_DEVICE_FAMILY = "1,2";
				TEST_TARGET_NAME = Project;
			};
			name = Release;
		};
/* End XCBuildConfiguration section */

/* Begin XCConfigurationList section */
		AE2F65322029F1E5007D267E /* Build configuration list for PBXProject "Project" */ = {
			isa = XCConfigurationList;
			buildConfigurations = (
				AE2F655D2029F1E6007D267E /* Debug */,
				AE2F655E2029F1E6007D267E /* Release */,
			);
			defaultConfigurationIsVisible = 0;
			defaultConfigurationName = Release;
		};
		AE2F655F2029F1E6007D267E /* Build configuration list for PBXNativeTarget "Project" */ = {
			isa = XCConfigurationList;
			buildConfigurations = (
				AE2F65602029F1E6007D267E /* Debug */,
				AE2F65612029F1E6007D267E /* Release */,
			);
			defaultConfigurationIsVisible = 0;
			defaultConfigurationName = Release;
		};
		AE2F65622029F1E6007D267E /* Build configuration list for PBXNativeTarget "ProjectTests" */ = {
			isa = XCConfigurationList;
			buildConfigurations = (
				AE2F65632029F1E6007D267E /* Debug */,
				AE2F65642029F1E6007D267E /* Release */,
			);
			defaultConfigurationIsVisible = 0;
			defaultConfigurationName = Release;
		};
		AE2F65652029F1E6007D267E /* Build configuration list for PBXNativeTarget "ProjectUITests" */ = {
			isa = XCConfigurationList;
			buildConfigurations = (
				AE2F65662029F1E6007D267E /* Debug */,
				AE2F65672029F1E6007D267E /* Release */,
			);
			defaultConfigurationIsVisible = 0;
			defaultConfigurationName = Release;
		};
/* End XCConfigurationList section */
	};
	rootObject = AE2F652F2029F1E5007D267E /* Project object */;
}
